
Microsoft Visual Studio Solution File, Format Version 12.00
# Visual Studio Version 17
VisualStudioVersion = 17.8.34309.116
MinimumVisualStudioVersion = 10.0.40219.1
Project("{FAE04EC0-301F-11D3-BF4B-00C04F79EFBC}") = "SchoolManagementSystemInMVC", "SchoolManagementSystemInMVC\SchoolManagementSystemInMVC.csproj", "{C6771F72-E27D-41A2-8CD8-39DE2801B582}"
	ProjectSection(ProjectDependencies) = postProject
		{EB13A5DB-A104-4E1B-B5DB-4433E8F0EA11} = {EB13A5DB-A104-4E1B-B5DB-4433E8F0EA11}
	EndProjectSection
EndProject
Project("{FAE04EC0-301F-11D3-BF4B-00C04F79EFBC}") = "SchoolLibrary", "SchoolLibrary\SchoolLibrary.csproj", "{EB13A5DB-A104-4E1B-B5DB-4433E8F0EA11}"
EndProject
Global
	GlobalSection(SolutionConfigurationPlatforms) = preSolution
		Debug|Any CPU = Debug|Any CPU
		Release|Any CPU = Release|Any CPU
	EndGlobalSection
	GlobalSection(ProjectConfigurationPlatforms) = postSolution
		{C6771F72-E27D-41A2-8CD8-39DE2801B582}.Debug|Any CPU.ActiveCfg = Debug|Any CPU
		{C6771F72-E27D-41A2-8CD8-39DE2801B582}.Debug|Any CPU.Build.0 = Debug|Any CPU
		{C6771F72-E27D-41A2-8CD8-39DE2801B582}.Release|Any CPU.ActiveCfg = Release|Any CPU
		{C6771F72-E27D-41A2-8CD8-39DE2801B582}.Release|Any CPU.Build.0 = Release|Any CPU
		{EB13A5DB-A104-4E1B-B5DB-4433E8F0EA11}.Debug|Any CPU.ActiveCfg = Debug|Any CPU
		{EB13A5DB-A104-4E1B-B5DB-4433E8F0EA11}.Debug|Any CPU.Build.0 = Debug|Any CPU
		{EB13A5DB-A104-4E1B-B5DB-4433E8F0EA11}.Release|Any CPU.ActiveCfg = Release|Any CPU
		{EB13A5DB-A104-4E1B-B5DB-4433E8F0EA11}.Release|Any CPU.Build.0 = Release|Any CPU
	EndGlobalSection
	GlobalSection(SolutionProperties) = preSolution
		HideSolutionNode = FALSE
	EndGlobalSection
	GlobalSection(ExtensibilityGlobals) = postSolution
		SolutionGuid = {8EBC777E-625E-4F69-9F66-660DB04E8368}
	EndGlobalSection
EndGlobal
